// !$*UTF8*$!
{
	archiveVersion = 1;
	classes = {
	};
	objectVersion = 42;
	objects = {

/* Begin PBXBuildFile section */
		8956F78907774A6A00573029 /* atsui.c in Sources */ = {isa = PBXBuildFile; fileRef = 8956F77F07774A6A00573029 /* atsui.c */; };
		8956F78A07774A6A00573029 /* controls.c in Sources */ = {isa = PBXBuildFile; fileRef = 8956F78107774A6A00573029 /* controls.c */; };
		8956F78B07774A6A00573029 /* globals.c in Sources */ = {isa = PBXBuildFile; fileRef = 8956F78307774A6A00573029 /* globals.c */; };
		8956F78C07774A6A00573029 /* window.c in Sources */ = {isa = PBXBuildFile; fileRef = 8956F78707774A6A00573029 /* window.c */; };
		8D0C4E8D0486CD37000505A6 /* InfoPlist.strings in Resources */ = {isa = PBXBuildFile; fileRef = 0867D6AAFE840B52C02AAC07 /* InfoPlist.strings */; };
		8D0C4E8E0486CD37000505A6 /* main.nib in Resources */ = {isa = PBXBuildFile; fileRef = 02345980000FD03B11CA0E72 /* main.nib */; };
		8D0C4E900486CD37000505A6 /* main.c in Sources */ = {isa = PBXBuildFile; fileRef = 20286C2BFDCF999611CA2CEA /* main.c */; settings = {ATTRIBUTES = (); }; };
		8D0C4E920486CD37000505A6 /* Carbon.framework in Frameworks */ = {isa = PBXBuildFile; fileRef = 20286C33FDCF999611CA2CEA /* Carbon.framework */; };
/* End PBXBuildFile section */

/* Begin PBXFileReference section */
		0867D6ABFE840B52C02AAC07 /* English */ = {isa = PBXFileReference; fileEncoding = 10; lastKnownFileType = text.plist.strings; name = English; path = English.lproj/InfoPlist.strings; sourceTree = "<group>"; };
		1870340FFE93FCAF11CA0CD7 /* English */ = {isa = PBXFileReference; lastKnownFileType = wrapper.nib; name = English; path = English.lproj/main.nib; sourceTree = "<group>"; };
		20286C2BFDCF999611CA2CEA /* main.c */ = {isa = PBXFileReference; fileEncoding = 4; lastKnownFileType = sourcecode.c.c; path = main.c; sourceTree = "<group>"; };
		20286C33FDCF999611CA2CEA /* Carbon.framework */ = {isa = PBXFileReference; lastKnownFileType = wrapper.framework; name = Carbon.framework; path = /System/Library/Frameworks/Carbon.framework; sourceTree = "<absolute>"; };
		32DBCF6D0370B57F00C91783 /* ATSUIFontPanelDemo_Prefix.pch */ = {isa = PBXFileReference; fileEncoding = 4; lastKnownFileType = sourcecode.c.h; path = ATSUIFontPanelDemo_Prefix.pch; sourceTree = "<group>"; };
		4A9504C8FFE6A3BC11CA0CBA /* ApplicationServices.framework */ = {isa = PBXFileReference; lastKnownFileType = wrapper.framework; name = ApplicationServices.framework; path = /System/Library/Frameworks/ApplicationServices.framework; sourceTree = "<absolute>"; };
		4A9504CAFFE6A41611CA0CBA /* CoreServices.framework */ = {isa = PBXFileReference; lastKnownFileType = wrapper.framework; name = CoreServices.framework; path = /System/Library/Frameworks/CoreServices.framework; sourceTree = "<absolute>"; };
		895603F40777997100573029 /* ReadMe.rtfd */ = {isa = PBXFileReference; lastKnownFileType = wrapper.rtfd; path = ReadMe.rtfd; sourceTree = "<group>"; };
		8956F77F07774A6A00573029 /* atsui.c */ = {isa = PBXFileReference; fileEncoding = 30; lastKnownFileType = sourcecode.c.c; path = atsui.c; sourceTree = "<group>"; };
		8956F78007774A6A00573029 /* atsui.h */ = {isa = PBXFileReference; fileEncoding = 30; lastKnownFileType = sourcecode.c.h; path = atsui.h; sourceTree = "<group>"; };
		8956F78107774A6A00573029 /* controls.c */ = {isa = PBXFileReference; fileEncoding = 30; lastKnownFileType = sourcecode.c.c; path = controls.c; sourceTree = "<group>"; };
		8956F78207774A6A00573029 /* controls.h */ = {isa = PBXFileReference; fileEncoding = 30; lastKnownFileType = sourcecode.c.h; path = controls.h; sourceTree = "<group>"; };
		8956F78307774A6A00573029 /* globals.c */ = {isa = PBXFileReference; fileEncoding = 30; lastKnownFileType = sourcecode.c.c; path = globals.c; sourceTree = "<group>"; };
		8956F78407774A6A00573029 /* globals.h */ = {isa = PBXFileReference; fileEncoding = 30; lastKnownFileType = sourcecode.c.h; path = globals.h; sourceTree = "<group>"; };
		8956F78507774A6A00573029 /* main.h */ = {isa = PBXFileReference; fileEncoding = 30; lastKnownFileType = sourcecode.c.h; path = main.h; sourceTree = "<group>"; };
		8956F78707774A6A00573029 /* window.c */ = {isa = PBXFileReference; fileEncoding = 30; lastKnownFileType = sourcecode.c.c; path = window.c; sourceTree = "<group>"; };
		8956F78807774A6A00573029 /* window.h */ = {isa = PBXFileReference; fileEncoding = 30; lastKnownFileType = sourcecode.c.h; path = window.h; sourceTree = "<group>"; };
		8D0C4E960486CD37000505A6 /* Info.plist */ = {isa = PBXFileReference; fileEncoding = 4; lastKnownFileType = text.plist; path = Info.plist; sourceTree = "<group>"; };
		8D0C4E970486CD37000505A6 /* ATSUIFontPanelDemo.app */ = {isa = PBXFileReference; explicitFileType = wrapper.application; includeInIndex = 0; path = ATSUIFontPanelDemo.app; sourceTree = BUILT_PRODUCTS_DIR; };
/* End PBXFileReference section */

/* Begin PBXFrameworksBuildPhase section */
		8D0C4E910486CD37000505A6 /* Frameworks */ = {
			isa = PBXFrameworksBuildPhase;
			buildActionMask = 2147483647;
			files = (
				8D0C4E920486CD37000505A6 /* Carbon.framework in Frameworks */,
			);
			runOnlyForDeploymentPostprocessing = 0;
		};
/* End PBXFrameworksBuildPhase section */

/* Begin PBXGroup section */
		195DF8CFFE9D517E11CA2CBB /* Products */ = {
			isa = PBXGroup;
			children = (
				8D0C4E970486CD37000505A6 /* ATSUIFontPanelDemo.app */,
			);
			name = Products;
			sourceTree = "<group>";
		};
		20286C29FDCF999611CA2CEA /* ATSUIFontPanelDemo */ = {
			isa = PBXGroup;
			children = (
				895603F40777997100573029 /* ReadMe.rtfd */,
				20286C2AFDCF999611CA2CEA /* Sources */,
				20286C2CFDCF999611CA2CEA /* Resources */,
				20286C32FDCF999611CA2CEA /* External Frameworks and Libraries */,
				195DF8CFFE9D517E11CA2CBB /* Products */,
			);
			name = ATSUIFontPanelDemo;
			sourceTree = "<group>";
		};
		20286C2AFDCF999611CA2CEA /* Sources */ = {
			isa = PBXGroup;
			children = (
				32DBCF6D0370B57F00C91783 /* ATSUIFontPanelDemo_Prefix.pch */,
				8956F78007774A6A00573029 /* atsui.h */,
				8956F77F07774A6A00573029 /* atsui.c */,
				8956F78207774A6A00573029 /* controls.h */,
				8956F78107774A6A00573029 /* controls.c */,
				8956F78407774A6A00573029 /* globals.h */,
				8956F78307774A6A00573029 /* globals.c */,
				8956F78807774A6A00573029 /* window.h */,
				8956F78707774A6A00573029 /* window.c */,
				8956F78507774A6A00573029 /* main.h */,
				20286C2BFDCF999611CA2CEA /* main.c */,
			);
			name = Sources;
			sourceTree = "<group>";
		};
		20286C2CFDCF999611CA2CEA /* Resources */ = {
			isa = PBXGroup;
			children = (
				8D0C4E960486CD37000505A6 /* Info.plist */,
				0867D6AAFE840B52C02AAC07 /* InfoPlist.strings */,
				02345980000FD03B11CA0E72 /* main.nib */,
			);
			name = Resources;
			sourceTree = "<group>";
		};
		20286C32FDCF999611CA2CEA /* External Frameworks and Libraries */ = {
			isa = PBXGroup;
			children = (
				8956FE0507778F3D00573029 /* Linked Frameworks */,
				8956FD7A07778F3600573029 /* Other Frameworks */,
			);
			name = "External Frameworks and Libraries";
			sourceTree = "<group>";
		};
		8956FD7A07778F3600573029 /* Other Frameworks */ = {
			isa = PBXGroup;
			children = (
				4A9504CAFFE6A41611CA0CBA /* CoreServices.framework */,
				4A9504C8FFE6A3BC11CA0CBA /* ApplicationServices.framework */,
			);
			name = "Other Frameworks";
			sourceTree = "<group>";
		};
		8956FE0507778F3D00573029 /* Linked Frameworks */ = {
			isa = PBXGroup;
			children = (
				20286C33FDCF999611CA2CEA /* Carbon.framework */,
			);
			name = "Linked Frameworks";
			sourceTree = "<group>";
		};
/* End PBXGroup section */

/* Begin PBXNativeTarget section */
		8D0C4E890486CD37000505A6 /* ATSUIFontPanelDemo */ = {
			isa = PBXNativeTarget;
			buildConfigurationList = BEA160F80B7CD9F2000D6DB0 /* Build configuration list for PBXNativeTarget "ATSUIFontPanelDemo" */;
			buildPhases = (
				8D0C4E8C0486CD37000505A6 /* Resources */,
				8D0C4E8F0486CD37000505A6 /* Sources */,
				8D0C4E910486CD37000505A6 /* Frameworks */,
				89262E02079E138A007A2E84 /* ShellScript */,
			);
			buildRules = (
			);
			dependencies = (
			);
			name = ATSUIFontPanelDemo;
			productInstallPath = "$(HOME)/Applications";
			productName = ATSUIFontPanelDemo;
			productReference = 8D0C4E970486CD37000505A6 /* ATSUIFontPanelDemo.app */;
			productType = "com.apple.product-type.application";
		};
/* End PBXNativeTarget section */

/* Begin PBXProject section */
		20286C28FDCF999611CA2CEA /* Project object */ = {
			isa = PBXProject;
			buildConfigurationList = BEA160F40B7CD9F2000D6DB0 /* Build configuration list for PBXProject "ATSUIFontPanelDemo" */;
			compatibilityVersion = "Xcode 2.4";
			hasScannedForEncodings = 1;
			mainGroup = 20286C29FDCF999611CA2CEA /* ATSUIFontPanelDemo */;
			projectDirPath = "";
			projectRoot = "";
			targets = (
				8D0C4E890486CD37000505A6 /* ATSUIFontPanelDemo */,
			);
		};
/* End PBXProject section */

/* Begin PBXResourcesBuildPhase section */
		8D0C4E8C0486CD37000505A6 /* Resources */ = {
			isa = PBXResourcesBuildPhase;
			buildActionMask = 2147483647;
			files = (
				8D0C4E8D0486CD37000505A6 /* InfoPlist.strings in Resources */,
				8D0C4E8E0486CD37000505A6 /* main.nib in Resources */,
			);
			runOnlyForDeploymentPostprocessing = 0;
		};
/* End PBXResourcesBuildPhase section */

/* Begin PBXShellScriptBuildPhase section */
		89262E02079E138A007A2E84 /* ShellScript */ = {
			isa = PBXShellScriptBuildPhase;
			buildActionMask = 8;
			files = (
			);
			inputPaths = (
			);
			outputPaths = (
			);
			runOnlyForDeploymentPostprocessing = 1;
			shellPath = /bin/sh;
			shellScript = "xcodebuild installsrc SRCROOT=$DSTROOT/Developer/Examples/ATSUI/Font\\ Panel\\ Support\n/bin/rm -rf $DSTROOT/Developer/Examples/ATSUI/Font\\ Panel\\ Support/build/\n/usr/sbin/chown root:wheel $DSTROOT/Developer/Examples/ATSUI/Font\\ Panel\\ Support/*\n";
		};
/* End PBXShellScriptBuildPhase section */

/* Begin PBXSourcesBuildPhase section */
		8D0C4E8F0486CD37000505A6 /* Sources */ = {
			isa = PBXSourcesBuildPhase;
			buildActionMask = 2147483647;
			files = (
				8D0C4E900486CD37000505A6 /* main.c in Sources */,
				8956F78907774A6A00573029 /* atsui.c in Sources */,
				8956F78A07774A6A00573029 /* controls.c in Sources */,
				8956F78B07774A6A00573029 /* globals.c in Sources */,
				8956F78C07774A6A00573029 /* window.c in Sources */,
			);
			runOnlyForDeploymentPostprocessing = 0;
		};
/* End PBXSourcesBuildPhase section */

/* Begin PBXVariantGroup section */
		02345980000FD03B11CA0E72 /* main.nib */ = {
			isa = PBXVariantGroup;
			children = (
				1870340FFE93FCAF11CA0CD7 /* English */,
			);
			name = main.nib;
			sourceTree = "<group>";
		};
		0867D6AAFE840B52C02AAC07 /* InfoPlist.strings */ = {
			isa = PBXVariantGroup;
			children = (
				0867D6ABFE840B52C02AAC07 /* English */,
			);
			name = InfoPlist.strings;
			sourceTree = "<group>";
		};
/* End PBXVariantGroup section */

/* Begin XCBuildConfiguration section */
		BEA160F50B7CD9F2000D6DB0 /* Development */ = {
			isa = XCBuildConfiguration;
			buildSettings = {
				ARCHS = "$(NATIVE_ARCH)";
				MACOSX_DEPLOYMENT_TARGET = 10.5;
				SDKROOT = /Developer/SDKs/MacOSX10.5.sdk;
				VALID_ARCHS = "ppc7400 ppc970 i386 ppc";
			};
			name = Development;
		};
		BEA160F60B7CD9F2000D6DB0 /* Deployment */ = {
			isa = XCBuildConfiguration;
			buildSettings = {
				ARCHS = "$(NATIVE_ARCH_ACTUAL)";
				MACOSX_DEPLOYMENT_TARGET = 10.5;
				SDKROOT = /Developer/SDKs/MacOSX10.5.sdk;
				VALID_ARCHS = "ppc7400 ppc970 i386 ppc";
			};
			name = Deployment;
		};
		BEA160F70B7CD9F2000D6DB0 /* Default */ = {
			isa = XCBuildConfiguration;
			buildSettings = {
				MACOSX_DEPLOYMENT_TARGET = 10.5;
				SDKROOT = /Developer/SDKs/MacOSX10.5.sdk;
				VALID_ARCHS = "ppc7400 ppc970 i386 ppc";
			};
			name = Default;
		};
		BEA160F90B7CD9F2000D6DB0 /* Development */ = {
			isa = XCBuildConfiguration;
			buildSettings = {
				ARCHS = "$(NATIVE_ARCH)";
				COPY_PHASE_STRIP = NO;
				GCC_GENERATE_DEBUGGING_SYMBOLS = NO;
				GCC_PRECOMPILE_PREFIX_HEADER = YES;
				GCC_PREFIX_HEADER = ATSUIFontPanelDemo_Prefix.pch;
				INFOPLIST_FILE = Info.plist;
				INSTALL_PATH = $DSTROOT/Developer/Examples/ATSUI/Basics;
				PRODUCT_NAME = ATSUIFontPanelDemo;
				SKIP_INSTALL = NO;
				WRAPPER_EXTENSION = app;
			};
			name = Development;
		};
		BEA160FA0B7CD9F2000D6DB0 /* Deployment */ = {
			isa = XCBuildConfiguration;
			buildSettings = {
				ARCHS = "$(NATIVE_ARCH)";
				COPY_PHASE_STRIP = YES;
				GCC_GENERATE_DEBUGGING_SYMBOLS = NO;
				GCC_PRECOMPILE_PREFIX_HEADER = YES;
				GCC_PREFIX_HEADER = ATSUIFontPanelDemo_Prefix.pch;
				INFOPLIST_FILE = Info.plist;
				INSTALL_PATH = $DSTROOT/Developer/Examples/ATSUI/Basics;
				PRODUCT_NAME = ATSUIFontPanelDemo;
				SKIP_INSTALL = NO;
				WRAPPER_EXTENSION = app;
			};
			name = Deployment;
		};
		BEA160FB0B7CD9F2000D6DB0 /* Default */ = {
			isa = XCBuildConfiguration;
			buildSettings = {
				ARCHS = "$(NATIVE_ARCH)";
				GCC_GENERATE_DEBUGGING_SYMBOLS = NO;
				GCC_PRECOMPILE_PREFIX_HEADER = YES;
				GCC_PREFIX_HEADER = ATSUIFontPanelDemo_Prefix.pch;
				INFOPLIST_FILE = Info.plist;
				INSTALL_PATH = $DSTROOT/Developer/Examples/ATSUI/Basics;
				PRODUCT_NAME = ATSUIFontPanelDemo;
				SKIP_INSTALL = NO;
				WRAPPER_EXTENSION = app;
			};
			name = Default;
		};
/* End XCBuildConfiguration section */

/* Begin XCConfigurationList section */
		BEA160F40B7CD9F2000D6DB0 /* Build configuration list for PBXProject "ATSUIFontPanelDemo" */ = {
			isa = XCConfigurationList;
			buildConfigurations = (
				BEA160F50B7CD9F2000D6DB0 /* Development */,
				BEA160F60B7CD9F2000D6DB0 /* Deployment */,
				BEA160F70B7CD9F2000D6DB0 /* Default */,
			);
			defaultConfigurationIsVisible = 0;
			defaultConfigurationName = Default;
		};
		BEA160F80B7CD9F2000D6DB0 /* Build configuration list for PBXNativeTarget "ATSUIFontPanelDemo" */ = {
			isa = XCConfigurationList;
			buildConfigurations = (
				BEA160F90B7CD9F2000D6DB0 /* Development */,
				BEA160FA0B7CD9F2000D6DB0 /* Deployment */,
				BEA160FB0B7CD9F2000D6DB0 /* Default */,
			);
			defaultConfigurationIsVisible = 0;
			defaultConfigurationName = Default;
		};
/* End XCConfigurationList section */
	};
	rootObject = 20286C28FDCF999611CA2CEA /* Project object */;
}
